{
  "object": {
    "pins": [
      {
        "package": "Alamofire",
        "repositoryURL": "https://github.com/Alamofire/Alamofire.git",
        "state": {
          "branch": null,
          "revision": "eaf6e622dd41b07b251d8f01752eab31bc811493",
          "version": "5.4.1"
        }
      },
      {
        "package": "CryptoSwift",
        "repositoryURL": "https://github.com/krzyzanowskim/CryptoSwift",
        "state": {
          "branch": null,
          "revision": "4e31051c63cc0ddf10a25cf5318856c510cf77f4",
          "version": "1.4.0"
        }
      },
      {
        "package": "HKDF",
        "repositoryURL": "https://github.com/TICESoftware/HKDF.git",
        "state": {
          "branch": null,
          "revision": "c0512a18f9486af535bac1befe3f7df753c5b206",
          "version": "1.0.9"
        }
      },
      {
        "package": "RNCryptor",
        "repositoryURL": "https://github.com/RNCryptor/RNCryptor",
        "state": {
          "branch": null,
          "revision": "5e3bbf44f08bf90049537cb8902d8f4fa911a79a",
          "version": "5.1.0"
        }
      },
      {
        "package": "SocketIO",
        "repositoryURL": "https://github.com/socketio/socket.io-client-swift.git",
        "state": {
          "branch": null,
          "revision": "af5ce97b755d964235348d96f6db5cbdcbe334a5",
          "version": "16.0.1"
        }
      },
      {
        "package": "Starscream",
        "repositoryURL": "https://github.com/daltoniam/Starscream",
        "state": {
          "branch": null,
          "revision": "df8d82047f6654d8e4b655d1b1525c64e1059d21",
          "version": "4.0.4"
        }
      },
      {
        "package": "Sodium",
        "repositoryURL": "https://github.com/jedisct1/swift-sodium.git",
        "state": {
          "branch": null,
          "revision": "4f9164a0a2c9a6a7ff53a2833d54a5c79c957342",
          "version": "0.9.1"
        }
      },
      {
        "package": "SwiftKeychainWrapper",
        "repositoryURL": "https://github.com/jrendel/SwiftKeychainWrapper",
        "state": {
          "branch": null,
          "revision": "185a3165346a03767101c4f62e9a545a0fe0530f",
          "version": "4.0.1"
        }
      }
    ]
  },
  "version": 1
}
